
Microsoft Visual Studio Solution File, Format Version 12.00
# Visual Studio 15
Project("{FAE04EC0-301F-11D3-BF4B-00C04F79EFBC}") = "TwitterMvc", "TwitterMvc.csproj", "{6B09F1A1-8C75-4E78-999F-1BEF645C74CF}"
EndProject
Global
	GlobalSection(SolutionConfigurationPlatforms) = preSolution
		Debug|Any CPU = Debug|Any CPU
		Release|Any CPU = Release|Any CPU
	EndGlobalSection
	GlobalSection(ProjectConfigurationPlatforms) = postSolution
		{6B09F1A1-8C75-4E78-999F-1BEF645C74CF}.Debug|Any CPU.ActiveCfg = Debug|Any CPU
		{6B09F1A1-8C75-4E78-999F-1BEF645C74CF}.Debug|Any CPU.Build.0 = Debug|Any CPU
		{6B09F1A1-8C75-4E78-999F-1BEF645C74CF}.Release|Any CPU.ActiveCfg = Release|Any CPU
		{6B09F1A1-8C75-4E78-999F-1BEF645C74CF}.Release|Any CPU.Build.0 = Release|Any CPU
	EndGlobalSection
EndGlobal
